
Microsoft Visual Studio Solution File, Format Version 12.00
# Visual Studio Version 17
VisualStudioVersion = 17.12.35527.113
MinimumVisualStudioVersion = 10.0.40219.1
Project("{FAE04EC0-301F-11D3-BF4B-00C04F79EFBC}") = "SampctsC#", "SampctsC#\SampctsC#.csproj", "{B3CF82AD-C72E-46E8-9EE7-4C1A76E61447}"
EndProject
Project("{FAE04EC0-301F-11D3-BF4B-00C04F79EFBC}") = "OOPSConceptscts", "OOPSConceptscts\OOPSConceptscts.csproj", "{A5D20D3D-FA5B-45A9-A57A-E450FEF5EF83}"
EndProject
Project("{FAE04EC0-301F-11D3-BF4B-00C04F79EFBC}") = "CallingBaseClassConstructor", "CallingBaseClassConstructor\CallingBaseClassConstructor.csproj", "{71D732E6-797B-4811-A764-4508FDF77205}"
EndProject
Project("{FAE04EC0-301F-11D3-BF4B-00C04F79EFBC}") = "AbstractDemo", "AbstractDemo\AbstractDemo.csproj", "{5A7FEE31-52FE-4DED-B774-872AC66D5957}"
EndProject
Project("{FAE04EC0-301F-11D3-BF4B-00C04F79EFBC}") = "InterfaceConcepts", "InterfaceConcepts\InterfaceConcepts.csproj", "{CE825073-8DC5-4DAF-AEA0-2B66DA3BBAC7}"
EndProject
Global
	GlobalSection(SolutionConfigurationPlatforms) = preSolution
		Debug|Any CPU = Debug|Any CPU
		Release|Any CPU = Release|Any CPU
	EndGlobalSection
	GlobalSection(ProjectConfigurationPlatforms) = postSolution
		{B3CF82AD-C72E-46E8-9EE7-4C1A76E61447}.Debug|Any CPU.ActiveCfg = Debug|Any CPU
		{B3CF82AD-C72E-46E8-9EE7-4C1A76E61447}.Debug|Any CPU.Build.0 = Debug|Any CPU
		{B3CF82AD-C72E-46E8-9EE7-4C1A76E61447}.Release|Any CPU.ActiveCfg = Release|Any CPU
		{B3CF82AD-C72E-46E8-9EE7-4C1A76E61447}.Release|Any CPU.Build.0 = Release|Any CPU
		{A5D20D3D-FA5B-45A9-A57A-E450FEF5EF83}.Debug|Any CPU.ActiveCfg = Debug|Any CPU
		{A5D20D3D-FA5B-45A9-A57A-E450FEF5EF83}.Debug|Any CPU.Build.0 = Debug|Any CPU
		{A5D20D3D-FA5B-45A9-A57A-E450FEF5EF83}.Release|Any CPU.ActiveCfg = Release|Any CPU
		{A5D20D3D-FA5B-45A9-A57A-E450FEF5EF83}.Release|Any CPU.Build.0 = Release|Any CPU
		{71D732E6-797B-4811-A764-4508FDF77205}.Debug|Any CPU.ActiveCfg = Debug|Any CPU
		{71D732E6-797B-4811-A764-4508FDF77205}.Debug|Any CPU.Build.0 = Debug|Any CPU
		{71D732E6-797B-4811-A764-4508FDF77205}.Release|Any CPU.ActiveCfg = Release|Any CPU
		{71D732E6-797B-4811-A764-4508FDF77205}.Release|Any CPU.Build.0 = Release|Any CPU
		{5A7FEE31-52FE-4DED-B774-872AC66D5957}.Debug|Any CPU.ActiveCfg = Debug|Any CPU
		{5A7FEE31-52FE-4DED-B774-872AC66D5957}.Debug|Any CPU.Build.0 = Debug|Any CPU
		{5A7FEE31-52FE-4DED-B774-872AC66D5957}.Release|Any CPU.ActiveCfg = Release|Any CPU
		{5A7FEE31-52FE-4DED-B774-872AC66D5957}.Release|Any CPU.Build.0 = Release|Any CPU
		{CE825073-8DC5-4DAF-AEA0-2B66DA3BBAC7}.Debug|Any CPU.ActiveCfg = Debug|Any CPU
		{CE825073-8DC5-4DAF-AEA0-2B66DA3BBAC7}.Debug|Any CPU.Build.0 = Debug|Any CPU
		{CE825073-8DC5-4DAF-AEA0-2B66DA3BBAC7}.Release|Any CPU.ActiveCfg = Release|Any CPU
		{CE825073-8DC5-4DAF-AEA0-2B66DA3BBAC7}.Release|Any CPU.Build.0 = Release|Any CPU
	EndGlobalSection
	GlobalSection(SolutionProperties) = preSolution
		HideSolutionNode = FALSE
	EndGlobalSection
EndGlobal
